
Microsoft Visual Studio Solution File, Format Version 12.00
# Visual Studio Version 18
VisualStudioVersion = 18.0.11217.181
MinimumVisualStudioVersion = 10.0.40219.1
Project("{2150E333-8FDC-42A3-9474-1A3956D46DE8}") = "UserService", "UserService", "{490C26FA-B06C-4499-BA19-38153D4CC876}"
EndProject
Project("{2150E333-8FDC-42A3-9474-1A3956D46DE8}") = "OrderService", "OrderService", "{8597F7BD-EEDF-4A7B-9D42-38824DB137B0}"
EndProject
Project("{2150E333-8FDC-42A3-9474-1A3956D46DE8}") = "NotificationService", "NotificationService", "{61FDE986-5B69-4896-927A-29882A7816C2}"
EndProject
Project("{9A19103F-16F7-4668-BE54-9A1E7A4F7556}") = "User.Api", "Services\UserService\User.Api\User.Api.csproj", "{4F2D0FD9-E445-416C-BDEC-F3EFC3DEE18B}"
EndProject
Project("{9A19103F-16F7-4668-BE54-9A1E7A4F7556}") = "User.Domain", "Services\UserService\User.Domain\User.Domain.csproj", "{E6B7BF71-18DD-47B6-8235-7EFCACA30665}"
EndProject
Project("{9A19103F-16F7-4668-BE54-9A1E7A4F7556}") = "User.Infrastructure", "Services\UserService\User.Infrastructure\User.Infrastructure.csproj", "{47F3FFFD-7051-427E-9A2A-75994EDED383}"
EndProject
Project("{9A19103F-16F7-4668-BE54-9A1E7A4F7556}") = "Order.Infrastructure", "Services\OrderService\Order.Infrastructure\Order.Infrastructure.csproj", "{B4D08DD3-55A1-4E49-A6F6-277C5D495B66}"
EndProject
Project("{9A19103F-16F7-4668-BE54-9A1E7A4F7556}") = "Order.Domain", "Services\OrderService\Order.Domain\Order.Domain.csproj", "{CF176889-8F29-4C00-8DEA-A81369F520FB}"
EndProject
Project("{9A19103F-16F7-4668-BE54-9A1E7A4F7556}") = "Order.Api", "Services\OrderService\Order.Api\Order.Api.csproj", "{716B6C66-6E04-41DE-9680-283AC3EB2D6B}"
EndProject
Project("{FAE04EC0-301F-11D3-BF4B-00C04F79EFBC}") = "Notification.Api", "Services\NotificationService\Notification.Api\Notification.Api.csproj", "{B986DDA9-7D34-45DD-A29B-775C12CCD39A}"
EndProject
Project("{2150E333-8FDC-42A3-9474-1A3956D46DE8}") = "Services", "Services", "{F53DF9AE-38B7-4054-8152-AE3B9877FA9B}"
EndProject
Project("{2150E333-8FDC-42A3-9474-1A3956D46DE8}") = "Gateway", "Gateway", "{C85AEF2C-027F-44E7-899D-C8C9563D9D3C}"
EndProject
Project("{FAE04EC0-301F-11D3-BF4B-00C04F79EFBC}") = "Gateway.Api", "Gateway\Gateway.Api\Gateway.Api.csproj", "{1B87D48D-6C18-4030-B598-F1B78A175204}"
EndProject
Project("{2150E333-8FDC-42A3-9474-1A3956D46DE8}") = "SystemExtensions", "SystemExtensions", "{FF535AF4-B15B-4357-9B51-E293EBEA74E8}"
EndProject
Project("{FAE04EC0-301F-11D3-BF4B-00C04F79EFBC}") = "OpenTelemetryExtension", "SystemExtensions\OpenTelemetryExtension\OpenTelemetryExtension.csproj", "{599C34BF-8095-4033-BC45-1BE919F7FB2B}"
EndProject
Project("{E53339B2-1760-4266-BCC7-CA923CBCF16C}") = "docker-compose", "docker-compose.dcproj", "{81DDED9D-158B-E303-5F62-77A2896D2A5A}"
EndProject
Project("{2150E333-8FDC-42A3-9474-1A3956D46DE8}") = "observability", "observability", "{335AFD88-2E70-4C64-AF04-9E270700276D}"
	ProjectSection(SolutionItems) = preProject
		observability\grafana\dashboards\dashboard.yml = observability\grafana\dashboards\dashboard.yml
		observability\loki-config.yaml = observability\loki-config.yaml
		observability\otel-collector-config.yaml = observability\otel-collector-config.yaml
		observability\prometheus.yml = observability\prometheus.yml
		observability\tempo-config.yaml = observability\tempo-config.yaml
	EndProjectSection
EndProject
Project("{2150E333-8FDC-42A3-9474-1A3956D46DE8}") = "dashboards", "dashboards", "{8648E0A6-F008-4B92-BF05-88441606DA19}"
	ProjectSection(SolutionItems) = preProject
		observability\grafana\dashboards\dashboard.yml = observability\grafana\dashboards\dashboard.yml
	EndProjectSection
EndProject
Project("{2150E333-8FDC-42A3-9474-1A3956D46DE8}") = "grafana", "grafana", "{E8298D45-0CF8-4055-A8AC-D0280DD5F5A7}"
EndProject
Project("{2150E333-8FDC-42A3-9474-1A3956D46DE8}") = "datasources", "datasources", "{7516F2AD-03B1-4C43-9A56-8CC1F0D38776}"
	ProjectSection(SolutionItems) = preProject
		observability\grafana\datasources\datasources.yml = observability\grafana\datasources\datasources.yml
	EndProjectSection
EndProject
Global
	GlobalSection(SolutionConfigurationPlatforms) = preSolution
		Debug|Any CPU = Debug|Any CPU
		Release|Any CPU = Release|Any CPU
	EndGlobalSection
	GlobalSection(ProjectConfigurationPlatforms) = postSolution
		{4F2D0FD9-E445-416C-BDEC-F3EFC3DEE18B}.Debug|Any CPU.ActiveCfg = Debug|Any CPU
		{4F2D0FD9-E445-416C-BDEC-F3EFC3DEE18B}.Debug|Any CPU.Build.0 = Debug|Any CPU
		{4F2D0FD9-E445-416C-BDEC-F3EFC3DEE18B}.Release|Any CPU.ActiveCfg = Release|Any CPU
		{4F2D0FD9-E445-416C-BDEC-F3EFC3DEE18B}.Release|Any CPU.Build.0 = Release|Any CPU
		{E6B7BF71-18DD-47B6-8235-7EFCACA30665}.Debug|Any CPU.ActiveCfg = Debug|Any CPU
		{E6B7BF71-18DD-47B6-8235-7EFCACA30665}.Debug|Any CPU.Build.0 = Debug|Any CPU
		{E6B7BF71-18DD-47B6-8235-7EFCACA30665}.Release|Any CPU.ActiveCfg = Release|Any CPU
		{E6B7BF71-18DD-47B6-8235-7EFCACA30665}.Release|Any CPU.Build.0 = Release|Any CPU
		{47F3FFFD-7051-427E-9A2A-75994EDED383}.Debug|Any CPU.ActiveCfg = Debug|Any CPU
		{47F3FFFD-7051-427E-9A2A-75994EDED383}.Debug|Any CPU.Build.0 = Debug|Any CPU
		{47F3FFFD-7051-427E-9A2A-75994EDED383}.Release|Any CPU.ActiveCfg = Release|Any CPU
		{47F3FFFD-7051-427E-9A2A-75994EDED383}.Release|Any CPU.Build.0 = Release|Any CPU
		{B4D08DD3-55A1-4E49-A6F6-277C5D495B66}.Debug|Any CPU.ActiveCfg = Debug|Any CPU
		{B4D08DD3-55A1-4E49-A6F6-277C5D495B66}.Debug|Any CPU.Build.0 = Debug|Any CPU
		{B4D08DD3-55A1-4E49-A6F6-277C5D495B66}.Release|Any CPU.ActiveCfg = Release|Any CPU
		{B4D08DD3-55A1-4E49-A6F6-277C5D495B66}.Release|Any CPU.Build.0 = Release|Any CPU
		{CF176889-8F29-4C00-8DEA-A81369F520FB}.Debug|Any CPU.ActiveCfg = Debug|Any CPU
		{CF176889-8F29-4C00-8DEA-A81369F520FB}.Debug|Any CPU.Build.0 = Debug|Any CPU
		{CF176889-8F29-4C00-8DEA-A81369F520FB}.Release|Any CPU.ActiveCfg = Release|Any CPU
		{CF176889-8F29-4C00-8DEA-A81369F520FB}.Release|Any CPU.Build.0 = Release|Any CPU
		{716B6C66-6E04-41DE-9680-283AC3EB2D6B}.Debug|Any CPU.ActiveCfg = Debug|Any CPU
		{716B6C66-6E04-41DE-9680-283AC3EB2D6B}.Debug|Any CPU.Build.0 = Debug|Any CPU
		{716B6C66-6E04-41DE-9680-283AC3EB2D6B}.Release|Any CPU.ActiveCfg = Release|Any CPU
		{716B6C66-6E04-41DE-9680-283AC3EB2D6B}.Release|Any CPU.Build.0 = Release|Any CPU
		{B986DDA9-7D34-45DD-A29B-775C12CCD39A}.Debug|Any CPU.ActiveCfg = Debug|Any CPU
		{B986DDA9-7D34-45DD-A29B-775C12CCD39A}.Debug|Any CPU.Build.0 = Debug|Any CPU
		{B986DDA9-7D34-45DD-A29B-775C12CCD39A}.Release|Any CPU.ActiveCfg = Release|Any CPU
		{B986DDA9-7D34-45DD-A29B-775C12CCD39A}.Release|Any CPU.Build.0 = Release|Any CPU
		{1B87D48D-6C18-4030-B598-F1B78A175204}.Debug|Any CPU.ActiveCfg = Debug|Any CPU
		{1B87D48D-6C18-4030-B598-F1B78A175204}.Debug|Any CPU.Build.0 = Debug|Any CPU
		{1B87D48D-6C18-4030-B598-F1B78A175204}.Release|Any CPU.ActiveCfg = Release|Any CPU
		{1B87D48D-6C18-4030-B598-F1B78A175204}.Release|Any CPU.Build.0 = Release|Any CPU
		{599C34BF-8095-4033-BC45-1BE919F7FB2B}.Debug|Any CPU.ActiveCfg = Debug|Any CPU
		{599C34BF-8095-4033-BC45-1BE919F7FB2B}.Debug|Any CPU.Build.0 = Debug|Any CPU
		{599C34BF-8095-4033-BC45-1BE919F7FB2B}.Release|Any CPU.ActiveCfg = Release|Any CPU
		{599C34BF-8095-4033-BC45-1BE919F7FB2B}.Release|Any CPU.Build.0 = Release|Any CPU
		{81DDED9D-158B-E303-5F62-77A2896D2A5A}.Debug|Any CPU.ActiveCfg = Debug|Any CPU
		{81DDED9D-158B-E303-5F62-77A2896D2A5A}.Debug|Any CPU.Build.0 = Debug|Any CPU
		{81DDED9D-158B-E303-5F62-77A2896D2A5A}.Release|Any CPU.ActiveCfg = Release|Any CPU
		{81DDED9D-158B-E303-5F62-77A2896D2A5A}.Release|Any CPU.Build.0 = Release|Any CPU
	EndGlobalSection
	GlobalSection(SolutionProperties) = preSolution
		HideSolutionNode = FALSE
	EndGlobalSection
	GlobalSection(NestedProjects) = preSolution
		{490C26FA-B06C-4499-BA19-38153D4CC876} = {F53DF9AE-38B7-4054-8152-AE3B9877FA9B}
		{8597F7BD-EEDF-4A7B-9D42-38824DB137B0} = {F53DF9AE-38B7-4054-8152-AE3B9877FA9B}
		{61FDE986-5B69-4896-927A-29882A7816C2} = {F53DF9AE-38B7-4054-8152-AE3B9877FA9B}
		{4F2D0FD9-E445-416C-BDEC-F3EFC3DEE18B} = {490C26FA-B06C-4499-BA19-38153D4CC876}
		{E6B7BF71-18DD-47B6-8235-7EFCACA30665} = {490C26FA-B06C-4499-BA19-38153D4CC876}
		{47F3FFFD-7051-427E-9A2A-75994EDED383} = {490C26FA-B06C-4499-BA19-38153D4CC876}
		{B4D08DD3-55A1-4E49-A6F6-277C5D495B66} = {8597F7BD-EEDF-4A7B-9D42-38824DB137B0}
		{CF176889-8F29-4C00-8DEA-A81369F520FB} = {8597F7BD-EEDF-4A7B-9D42-38824DB137B0}
		{716B6C66-6E04-41DE-9680-283AC3EB2D6B} = {8597F7BD-EEDF-4A7B-9D42-38824DB137B0}
		{B986DDA9-7D34-45DD-A29B-775C12CCD39A} = {61FDE986-5B69-4896-927A-29882A7816C2}
		{1B87D48D-6C18-4030-B598-F1B78A175204} = {C85AEF2C-027F-44E7-899D-C8C9563D9D3C}
		{599C34BF-8095-4033-BC45-1BE919F7FB2B} = {FF535AF4-B15B-4357-9B51-E293EBEA74E8}
		{8648E0A6-F008-4B92-BF05-88441606DA19} = {E8298D45-0CF8-4055-A8AC-D0280DD5F5A7}
		{E8298D45-0CF8-4055-A8AC-D0280DD5F5A7} = {335AFD88-2E70-4C64-AF04-9E270700276D}
		{7516F2AD-03B1-4C43-9A56-8CC1F0D38776} = {E8298D45-0CF8-4055-A8AC-D0280DD5F5A7}
	EndGlobalSection
	GlobalSection(ExtensibilityGlobals) = postSolution
		SolutionGuid = {6E0148AB-FBDB-4C86-B0EC-D201E2D70C2C}
	EndGlobalSection
EndGlobal
