
Microsoft Visual Studio Solution File, Format Version 12.00
# Visual Studio Version 16
VisualStudioVersion = 25.0.1704.3
MinimumVisualStudioVersion = 10.0.40219.1
Project("{2150E333-8FDC-42A3-9474-1A3956D46DE8}") = "src", "src", "{7B3F6307-AC3C-4DEC-B340-B66B30E13089}"
EndProject
Project("{2150E333-8FDC-42A3-9474-1A3956D46DE8}") = "tests", "tests", "{EF01B3E5-CE99-4C88-8AB4-18F32623E10D}"
EndProject
Project("{2150E333-8FDC-42A3-9474-1A3956D46DE8}") = "ApiGateway", "ApiGateway", "{ABB94CFA-7E54-4B04-AD0F-BEDDAE06B141}"
EndProject
Project("{2150E333-8FDC-42A3-9474-1A3956D46DE8}") = "BuildingBlocks", "BuildingBlocks", "{66D24664-DCCD-4919-81EA-871392728B16}"
EndProject
Project("{2150E333-8FDC-42A3-9474-1A3956D46DE8}") = "Services", "Services", "{FBDAE625-3CD5-4F17-8C53-58B56D74D869}"
EndProject
Project("{2150E333-8FDC-42A3-9474-1A3956D46DE8}") = "Authentication", "Authentication", "{44C3A928-5DA0-4451-973E-EAA8FA31BD55}"
EndProject
Project("{2150E333-8FDC-42A3-9474-1A3956D46DE8}") = "Tests", "Tests", "{2C12555E-BDD8-4F07-A374-4390408E96FF}"
EndProject
Project("{2150E333-8FDC-42A3-9474-1A3956D46DE8}") = "EventBus", "EventBus", "{42E8D4B2-C9C9-4401-995B-B2056038E526}"
EndProject
Project("{2150E333-8FDC-42A3-9474-1A3956D46DE8}") = "doc", "doc", "{72DABFCC-D894-4B2D-AF02-FAAC8BF99BD6}"
	ProjectSection(SolutionItems) = preProject
		README.md = README.md
	EndProjectSection
EndProject
Project("{2150E333-8FDC-42A3-9474-1A3956D46DE8}") = "Test", "Test", "{EB6BBD21-B371-4E8D-B1BD-4E92028F1617}"
EndProject
Project("{FAE04EC0-301F-11D3-BF4B-00C04F79EFBC}") = "NetSquare.ERP.Authentication.Api", "src\Services\Authentication\NetSquare.ERP.Authentication.Api\NetSquare.ERP.Authentication.Api.csproj", "{A50D041C-CB1D-41D2-A29A-6D482EE73CA8}"
EndProject
Project("{FAE04EC0-301F-11D3-BF4B-00C04F79EFBC}") = "NetSquare.ERP.Authentication.Domain", "src\Services\Authentication\NetSquare.ERP.Authentication.Domain\NetSquare.ERP.Authentication.Domain.csproj", "{D8EE238D-5D5C-461E-8856-C45643DA0497}"
EndProject
Project("{FAE04EC0-301F-11D3-BF4B-00C04F79EFBC}") = "NetSquare.ERP.Authentication.Infrastructure", "src\Services\Authentication\NetSquare.ERP.Authentication.Infrastructure\NetSquare.ERP.Authentication.Infrastructure.csproj", "{DAAD9132-DB9F-407C-A313-54B90F77B344}"
EndProject
Project("{FAE04EC0-301F-11D3-BF4B-00C04F79EFBC}") = "EventBus", "src\BuildingBlocks\EventBus\EventBus\EventBus.csproj", "{F8025667-835C-4211-9570-8A90CD07C109}"
EndProject
Project("{FAE04EC0-301F-11D3-BF4B-00C04F79EFBC}") = "EventBusRabbitMQ", "src\BuildingBlocks\EventBus\EventBusRabbitMQ\EventBusRabbitMQ.csproj", "{009C8E2B-0E1C-40C9-BDE5-4BF632C3B7B6}"
EndProject
Project("{FAE04EC0-301F-11D3-BF4B-00C04F79EFBC}") = "EventBusServiceBus", "src\BuildingBlocks\EventBus\EventBusServiceBus\EventBusServiceBus.csproj", "{95113444-D62F-4107-A2A2-7A19AFDF6C85}"
EndProject
Project("{FAE04EC0-301F-11D3-BF4B-00C04F79EFBC}") = "IntegrationEventLogEF", "src\BuildingBlocks\EventBus\IntegrationEventLogEF\IntegrationEventLogEF.csproj", "{34F71E0D-F055-411C-8DA9-0E2BDE780E75}"
EndProject
Project("{2150E333-8FDC-42A3-9474-1A3956D46DE8}") = "HumanResource", "HumanResource", "{D54B0F60-00C5-4CA7-B41B-791BA2F4D4DC}"
EndProject
Project("{2150E333-8FDC-42A3-9474-1A3956D46DE8}") = "Tests", "Tests", "{BCE3C6E1-30DE-4DF8-9E64-908AFDE62B56}"
EndProject
Project("{FAE04EC0-301F-11D3-BF4B-00C04F79EFBC}") = "ExceptionHandler", "src\BuildingBlocks\ExceptionHandler\ExceptionHandler.csproj", "{06253ED2-BC7D-4197-A55C-8FB67EA3FAE0}"
EndProject
Project("{FAE04EC0-301F-11D3-BF4B-00C04F79EFBC}") = "Application.FunctionalTests", "tests\ServiceTests\Application.FunctionalTests\Application.FunctionalTests.csproj", "{992B43C2-603B-4AB5-8790-FF94EF972677}"
EndProject
Project("{2150E333-8FDC-42A3-9474-1A3956D46DE8}") = "build", "build", "{CCBA3E8E-1127-43FA-8976-354168ADA4DE}"
	ProjectSection(SolutionItems) = preProject
		..\..\build\azure-pipeline-ui.yml = ..\..\build\azure-pipeline-ui.yml
		azure-pipeline-attandence.yml = azure-pipeline-attandence.yml
		..\..\build\azure-pipeline-authentication.yml = ..\..\build\azure-pipeline-authentication.yml
	EndProjectSection
EndProject
Project("{FAE04EC0-301F-11D3-BF4B-00C04F79EFBC}") = "CacheManager", "src\BuildingBlocks\CacheManager\CacheManager.csproj", "{74F581C8-3826-4DEC-B373-1FBF02099DDC}"
EndProject
Project("{FAE04EC0-301F-11D3-BF4B-00C04F79EFBC}") = "SystemExtensions", "src\BuildingBlocks\SystemExtensions\SystemExtensions.csproj", "{F6371C77-1F7A-4698-982D-16576F077046}"
EndProject
Project("{2150E333-8FDC-42A3-9474-1A3956D46DE8}") = "UnitTests", "UnitTests", "{2414B2AA-9195-44CE-BD46-6F9E1A548681}"
EndProject
Project("{2150E333-8FDC-42A3-9474-1A3956D46DE8}") = "UnitTests", "UnitTests", "{7C55C74F-0593-4E1D-B392-E759BDB497D5}"
EndProject
Project("{FAE04EC0-301F-11D3-BF4B-00C04F79EFBC}") = "ERP.Authentication.FunctionalTests", "src\Services\Authentication\Tests\UnitTests\ERP.Authentication.FunctionalTests\ERP.Authentication.FunctionalTests.csproj", "{CC71AA97-CC56-46EF-A6D6-16F464E93183}"
EndProject
Project("{FAE04EC0-301F-11D3-BF4B-00C04F79EFBC}") = "ERP.Authentication.UnitTests", "src\Services\Authentication\Tests\UnitTests\ERP.Authentication.UnitTests\ERP.Authentication.UnitTests.csproj", "{23735D96-22C2-4458-9EB5-2C1699D9239E}"
EndProject
Project("{FAE04EC0-301F-11D3-BF4B-00C04F79EFBC}") = "NetSquare.ERP.Authentication.Test.Core", "src\Services\Authentication\Tests\NetSquare.ERP.Authentication.Test.Core\NetSquare.ERP.Authentication.Test.Core.csproj", "{8B0975CC-C3EC-4FB7-8066-B7E9F9069F32}"
EndProject
Project("{2150E333-8FDC-42A3-9474-1A3956D46DE8}") = "Branch", "Branch", "{5CFAA5E4-08F1-4DBE-9657-898E57AF42FC}"
EndProject
Project("{FAE04EC0-301F-11D3-BF4B-00C04F79EFBC}") = "NetSquare.ERP.HumanResource.FunctionalTest", "src\Services\HmanResource\Tests\UnitTests\NetSquare.ERP.HumanResource.FunctionalTest\NetSquare.ERP.HumanResource.FunctionalTest.csproj", "{4E510F7D-4DFB-4720-B221-62AACB2506B6}"
EndProject
Project("{FAE04EC0-301F-11D3-BF4B-00C04F79EFBC}") = "NetSquare.ERP.HumanResource.UnitTests", "src\Services\HmanResource\Tests\UnitTests\NetSquare.ERP.HumanResource.UnitTests\NetSquare.ERP.HumanResource.UnitTests.csproj", "{D5220042-F649-49F6-BA99-4CBB0B530134}"
EndProject
Project("{FAE04EC0-301F-11D3-BF4B-00C04F79EFBC}") = "NetSquare.ERP.HumanResource.Test.Core", "src\Services\HmanResource\Tests\NetSquare.ERP.HumanResource.Test.Core\NetSquare.ERP.HumanResource.Test.Core.csproj", "{B6870E91-79AA-4B4D-97B8-37E630C31697}"
EndProject
Project("{FAE04EC0-301F-11D3-BF4B-00C04F79EFBC}") = "NetSquare.ERP.HumanResource.Api", "src\Services\HmanResource\NetSquare.ERP.HumanResource.Api\NetSquare.ERP.HumanResource.Api.csproj", "{FB8F6416-2B47-42EF-A9CC-972508B4DFEA}"
EndProject
Project("{FAE04EC0-301F-11D3-BF4B-00C04F79EFBC}") = "NetSquare.ERP.HumanResource.Domain", "src\Services\HmanResource\NetSquare.ERP.HumanResource.Domain\NetSquare.ERP.HumanResource.Domain.csproj", "{7F9A74A4-5E15-4177-99CD-DF4E582E039C}"
EndProject
Project("{FAE04EC0-301F-11D3-BF4B-00C04F79EFBC}") = "NetSquare.ERP.HumanResource.Infrastructure", "src\Services\HmanResource\NetSquare.ERP.HumanResource.Infrastructure\NetSquare.ERP.HumanResource.Infrastructure.csproj", "{1798B165-807F-40E5-99B1-C34E8807C318}"
EndProject
Project("{FAE04EC0-301F-11D3-BF4B-00C04F79EFBC}") = "NetSquare.ERP.Branch.Api", "src\Services\Branch\NetSquare.ERP.Branch.Api\NetSquare.ERP.Branch.Api.csproj", "{38693F0B-ACCB-4F65-8B6F-3A87032AC5A6}"
EndProject
Project("{2150E333-8FDC-42A3-9474-1A3956D46DE8}") = "Tests", "Tests", "{ADD97A25-432F-45B5-9317-D7F20595A83F}"
EndProject
Project("{FAE04EC0-301F-11D3-BF4B-00C04F79EFBC}") = "NetSquare.ERP.Branch.FunctionalTest", "src\Services\Branch\Tests\UnitTests\NetSquare.ERP.Branch.FunctionalTest\NetSquare.ERP.Branch.FunctionalTest.csproj", "{DA35E0E6-8367-4429-96E0-5BDD0A7CD2C5}"
EndProject
Project("{FAE04EC0-301F-11D3-BF4B-00C04F79EFBC}") = "NetSquare.ERP.Branch.UnitTest", "src\Services\Branch\Tests\UnitTests\NetSquare.ERP.Branch.UnitTest\NetSquare.ERP.Branch.UnitTest.csproj", "{FF4F0C09-4E20-48D3-9A7F-1C3F49D22058}"
EndProject
Project("{2150E333-8FDC-42A3-9474-1A3956D46DE8}") = "UnitTests", "UnitTests", "{A68C25A0-61E2-4982-B0A8-9FA869F8F476}"
EndProject
Project("{FAE04EC0-301F-11D3-BF4B-00C04F79EFBC}") = "NetSquare.ERP.Branch.Test.Core", "src\Services\Branch\Tests\NetSquare.ERP.Branch.Test.Core\NetSquare.ERP.Branch.Test.Core.csproj", "{227E5489-0A04-4F7B-87BD-DD1489FB1DA8}"
EndProject
Project("{FAE04EC0-301F-11D3-BF4B-00C04F79EFBC}") = "NetSquare.ERP.Branch.Domain", "src\Services\Branch\NetSquare.ERP.Branch.Domain\NetSquare.ERP.Branch.Domain.csproj", "{0CCC0EE4-9682-4691-8E3A-183725FFD37A}"
EndProject
Project("{FAE04EC0-301F-11D3-BF4B-00C04F79EFBC}") = "NetSquare.ERP.Branch.Infrastructure", "src\Services\Branch\NetSquare.ERP.Branch.Infrastructure\NetSquare.ERP.Branch.Infrastructure.csproj", "{DF399AAF-593F-4187-983D-718747EDAC23}"
EndProject
Project("{FAE04EC0-301F-11D3-BF4B-00C04F79EFBC}") = "NetSquare.ERP.Gateway.Api", "src\Gateway\ApiGateway\NetSquare.ERP.Gateway.Api.csproj", "{0EDDF2F4-CE11-492C-B871-A9129FCE1133}"
EndProject
Project("{2150E333-8FDC-42A3-9474-1A3956D46DE8}") = "UnitTests", "UnitTests", "{F9D041A7-9D62-4A65-BA2E-75BF2785CF4B}"
EndProject
Project("{FAE04EC0-301F-11D3-BF4B-00C04F79EFBC}") = "EventBus.Test.Core", "src\BuildingBlocks\EventBus\EventBus.Tests\EventBus.Test.Core\EventBus.Test.Core.csproj", "{2200B769-18E9-4C38-878A-E7F284B3CCFD}"
EndProject
Project("{FAE04EC0-301F-11D3-BF4B-00C04F79EFBC}") = "EventBus.Tests", "src\BuildingBlocks\EventBus\EventBus.Tests\UnitTests\EventBus.Test\EventBus.Tests.csproj", "{487B0B71-40CF-400B-93B3-D825BD6D0308}"
EndProject
Project("{FAE04EC0-301F-11D3-BF4B-00C04F79EFBC}") = "EventBusRabbitMQ.Test", "src\BuildingBlocks\EventBus\EventBus.Tests\UnitTests\EventBusRabbitMQ.Test\EventBusRabbitMQ.Test.csproj", "{7F9BA162-C343-4EDE-B8AA-74365EB6E8D8}"
EndProject
Project("{FAE04EC0-301F-11D3-BF4B-00C04F79EFBC}") = "EventBusServiceBus.Test", "src\BuildingBlocks\EventBus\EventBus.Tests\UnitTests\EventBusServiceBus.Test\EventBusServiceBus.Test.csproj", "{DB3D6926-ACFC-4D66-84D3-14921E5E7F61}"
EndProject
Project("{E53339B2-1760-4266-BCC7-CA923CBCF16C}") = "docker-compose", "docker-compose.dcproj", "{BB81E3EB-49C7-4B44-8502-CA4E8A7C1B53}"
EndProject
Project("{2150E333-8FDC-42A3-9474-1A3956D46DE8}") = "gRPC", "gRPC", "{449CE9D4-31ED-40F1-BA7D-F19ADB7692A5}"
EndProject
Project("{FAE04EC0-301F-11D3-BF4B-00C04F79EFBC}") = "gRPCService", "src\gRPC\gRPCService\gRPCService.csproj", "{50CD11A1-0894-4A5A-B9F4-E77AC0070515}"
EndProject
Project("{2150E333-8FDC-42A3-9474-1A3956D46DE8}") = "DataVault", "DataVault", "{467D1500-78BE-42EB-B46E-FF9C90669744}"
EndProject
Project("{FAE04EC0-301F-11D3-BF4B-00C04F79EFBC}") = "NetSquare.ERP.DataVault.Api", "src\Services\DataVault\NetSquare.ERP.DataVault.Api\NetSquare.ERP.DataVault.Api.csproj", "{DE088CF9-E444-4785-B0D8-F63A05EDF8CD}"
EndProject
Global
	GlobalSection(SolutionConfigurationPlatforms) = preSolution
		Debug|Any CPU = Debug|Any CPU
		Release|Any CPU = Release|Any CPU
	EndGlobalSection
	GlobalSection(ProjectConfigurationPlatforms) = postSolution
		{3841745A-0134-4211-A5C4-249077F6AC43}.Debug|Any CPU.ActiveCfg = Debug|Any CPU
		{3841745A-0134-4211-A5C4-249077F6AC43}.Debug|Any CPU.Build.0 = Debug|Any CPU
		{3841745A-0134-4211-A5C4-249077F6AC43}.Release|Any CPU.ActiveCfg = Release|Any CPU
		{3841745A-0134-4211-A5C4-249077F6AC43}.Release|Any CPU.Build.0 = Release|Any CPU
		{D91D65A9-BE4E-4C87-869F-49D52FD95605}.Debug|Any CPU.ActiveCfg = Debug|Any CPU
		{D91D65A9-BE4E-4C87-869F-49D52FD95605}.Debug|Any CPU.Build.0 = Debug|Any CPU
		{D91D65A9-BE4E-4C87-869F-49D52FD95605}.Release|Any CPU.ActiveCfg = Release|Any CPU
		{D91D65A9-BE4E-4C87-869F-49D52FD95605}.Release|Any CPU.Build.0 = Release|Any CPU
		{AA94FB96-02DC-40BB-8855-5140BEC066B4}.Debug|Any CPU.ActiveCfg = Debug|Any CPU
		{AA94FB96-02DC-40BB-8855-5140BEC066B4}.Debug|Any CPU.Build.0 = Debug|Any CPU
		{AA94FB96-02DC-40BB-8855-5140BEC066B4}.Release|Any CPU.ActiveCfg = Release|Any CPU
		{AA94FB96-02DC-40BB-8855-5140BEC066B4}.Release|Any CPU.Build.0 = Release|Any CPU
		{684702B7-32D2-4FB6-B09E-6702B453CC5A}.Debug|Any CPU.ActiveCfg = Debug|Any CPU
		{684702B7-32D2-4FB6-B09E-6702B453CC5A}.Debug|Any CPU.Build.0 = Debug|Any CPU
		{684702B7-32D2-4FB6-B09E-6702B453CC5A}.Release|Any CPU.ActiveCfg = Release|Any CPU
		{684702B7-32D2-4FB6-B09E-6702B453CC5A}.Release|Any CPU.Build.0 = Release|Any CPU
		{A50D041C-CB1D-41D2-A29A-6D482EE73CA8}.Debug|Any CPU.ActiveCfg = Debug|Any CPU
		{A50D041C-CB1D-41D2-A29A-6D482EE73CA8}.Debug|Any CPU.Build.0 = Debug|Any CPU
		{A50D041C-CB1D-41D2-A29A-6D482EE73CA8}.Release|Any CPU.ActiveCfg = Release|Any CPU
		{A50D041C-CB1D-41D2-A29A-6D482EE73CA8}.Release|Any CPU.Build.0 = Release|Any CPU
		{D8EE238D-5D5C-461E-8856-C45643DA0497}.Debug|Any CPU.ActiveCfg = Debug|Any CPU
		{D8EE238D-5D5C-461E-8856-C45643DA0497}.Debug|Any CPU.Build.0 = Debug|Any CPU
		{D8EE238D-5D5C-461E-8856-C45643DA0497}.Release|Any CPU.ActiveCfg = Release|Any CPU
		{D8EE238D-5D5C-461E-8856-C45643DA0497}.Release|Any CPU.Build.0 = Release|Any CPU
		{DAAD9132-DB9F-407C-A313-54B90F77B344}.Debug|Any CPU.ActiveCfg = Debug|Any CPU
		{DAAD9132-DB9F-407C-A313-54B90F77B344}.Debug|Any CPU.Build.0 = Debug|Any CPU
		{DAAD9132-DB9F-407C-A313-54B90F77B344}.Release|Any CPU.ActiveCfg = Release|Any CPU
		{DAAD9132-DB9F-407C-A313-54B90F77B344}.Release|Any CPU.Build.0 = Release|Any CPU
		{F8025667-835C-4211-9570-8A90CD07C109}.Debug|Any CPU.ActiveCfg = Debug|Any CPU
		{F8025667-835C-4211-9570-8A90CD07C109}.Debug|Any CPU.Build.0 = Debug|Any CPU
		{F8025667-835C-4211-9570-8A90CD07C109}.Release|Any CPU.ActiveCfg = Release|Any CPU
		{F8025667-835C-4211-9570-8A90CD07C109}.Release|Any CPU.Build.0 = Release|Any CPU
		{009C8E2B-0E1C-40C9-BDE5-4BF632C3B7B6}.Debug|Any CPU.ActiveCfg = Debug|Any CPU
		{009C8E2B-0E1C-40C9-BDE5-4BF632C3B7B6}.Debug|Any CPU.Build.0 = Debug|Any CPU
		{009C8E2B-0E1C-40C9-BDE5-4BF632C3B7B6}.Release|Any CPU.ActiveCfg = Release|Any CPU
		{009C8E2B-0E1C-40C9-BDE5-4BF632C3B7B6}.Release|Any CPU.Build.0 = Release|Any CPU
		{95113444-D62F-4107-A2A2-7A19AFDF6C85}.Debug|Any CPU.ActiveCfg = Debug|Any CPU
		{95113444-D62F-4107-A2A2-7A19AFDF6C85}.Debug|Any CPU.Build.0 = Debug|Any CPU
		{95113444-D62F-4107-A2A2-7A19AFDF6C85}.Release|Any CPU.ActiveCfg = Release|Any CPU
		{95113444-D62F-4107-A2A2-7A19AFDF6C85}.Release|Any CPU.Build.0 = Release|Any CPU
		{34F71E0D-F055-411C-8DA9-0E2BDE780E75}.Debug|Any CPU.ActiveCfg = Debug|Any CPU
		{34F71E0D-F055-411C-8DA9-0E2BDE780E75}.Debug|Any CPU.Build.0 = Debug|Any CPU
		{34F71E0D-F055-411C-8DA9-0E2BDE780E75}.Release|Any CPU.ActiveCfg = Release|Any CPU
		{34F71E0D-F055-411C-8DA9-0E2BDE780E75}.Release|Any CPU.Build.0 = Release|Any CPU
		{06253ED2-BC7D-4197-A55C-8FB67EA3FAE0}.Debug|Any CPU.ActiveCfg = Debug|Any CPU
		{06253ED2-BC7D-4197-A55C-8FB67EA3FAE0}.Debug|Any CPU.Build.0 = Debug|Any CPU
		{06253ED2-BC7D-4197-A55C-8FB67EA3FAE0}.Release|Any CPU.ActiveCfg = Release|Any CPU
		{06253ED2-BC7D-4197-A55C-8FB67EA3FAE0}.Release|Any CPU.Build.0 = Release|Any CPU
		{6DF794A1-665C-43FE-99B7-44F5E110DE93}.Debug|Any CPU.ActiveCfg = Debug|Any CPU
		{6DF794A1-665C-43FE-99B7-44F5E110DE93}.Debug|Any CPU.Build.0 = Debug|Any CPU
		{6DF794A1-665C-43FE-99B7-44F5E110DE93}.Release|Any CPU.ActiveCfg = Release|Any CPU
		{6DF794A1-665C-43FE-99B7-44F5E110DE93}.Release|Any CPU.Build.0 = Release|Any CPU
		{992B43C2-603B-4AB5-8790-FF94EF972677}.Debug|Any CPU.ActiveCfg = Debug|Any CPU
		{992B43C2-603B-4AB5-8790-FF94EF972677}.Debug|Any CPU.Build.0 = Debug|Any CPU
		{992B43C2-603B-4AB5-8790-FF94EF972677}.Release|Any CPU.ActiveCfg = Release|Any CPU
		{992B43C2-603B-4AB5-8790-FF94EF972677}.Release|Any CPU.Build.0 = Release|Any CPU
		{74F581C8-3826-4DEC-B373-1FBF02099DDC}.Debug|Any CPU.ActiveCfg = Debug|Any CPU
		{74F581C8-3826-4DEC-B373-1FBF02099DDC}.Debug|Any CPU.Build.0 = Debug|Any CPU
		{74F581C8-3826-4DEC-B373-1FBF02099DDC}.Release|Any CPU.ActiveCfg = Release|Any CPU
		{74F581C8-3826-4DEC-B373-1FBF02099DDC}.Release|Any CPU.Build.0 = Release|Any CPU
		{F6371C77-1F7A-4698-982D-16576F077046}.Debug|Any CPU.ActiveCfg = Debug|Any CPU
		{F6371C77-1F7A-4698-982D-16576F077046}.Debug|Any CPU.Build.0 = Debug|Any CPU
		{F6371C77-1F7A-4698-982D-16576F077046}.Release|Any CPU.ActiveCfg = Release|Any CPU
		{F6371C77-1F7A-4698-982D-16576F077046}.Release|Any CPU.Build.0 = Release|Any CPU
		{CC71AA97-CC56-46EF-A6D6-16F464E93183}.Debug|Any CPU.ActiveCfg = Debug|Any CPU
		{CC71AA97-CC56-46EF-A6D6-16F464E93183}.Debug|Any CPU.Build.0 = Debug|Any CPU
		{CC71AA97-CC56-46EF-A6D6-16F464E93183}.Release|Any CPU.ActiveCfg = Release|Any CPU
		{CC71AA97-CC56-46EF-A6D6-16F464E93183}.Release|Any CPU.Build.0 = Release|Any CPU
		{23735D96-22C2-4458-9EB5-2C1699D9239E}.Debug|Any CPU.ActiveCfg = Debug|Any CPU
		{23735D96-22C2-4458-9EB5-2C1699D9239E}.Debug|Any CPU.Build.0 = Debug|Any CPU
		{23735D96-22C2-4458-9EB5-2C1699D9239E}.Release|Any CPU.ActiveCfg = Release|Any CPU
		{23735D96-22C2-4458-9EB5-2C1699D9239E}.Release|Any CPU.Build.0 = Release|Any CPU
		{8B0975CC-C3EC-4FB7-8066-B7E9F9069F32}.Debug|Any CPU.ActiveCfg = Debug|Any CPU
		{8B0975CC-C3EC-4FB7-8066-B7E9F9069F32}.Debug|Any CPU.Build.0 = Debug|Any CPU
		{8B0975CC-C3EC-4FB7-8066-B7E9F9069F32}.Release|Any CPU.ActiveCfg = Release|Any CPU
		{8B0975CC-C3EC-4FB7-8066-B7E9F9069F32}.Release|Any CPU.Build.0 = Release|Any CPU
		{4E510F7D-4DFB-4720-B221-62AACB2506B6}.Debug|Any CPU.ActiveCfg = Debug|Any CPU
		{4E510F7D-4DFB-4720-B221-62AACB2506B6}.Debug|Any CPU.Build.0 = Debug|Any CPU
		{4E510F7D-4DFB-4720-B221-62AACB2506B6}.Release|Any CPU.ActiveCfg = Release|Any CPU
		{4E510F7D-4DFB-4720-B221-62AACB2506B6}.Release|Any CPU.Build.0 = Release|Any CPU
		{D5220042-F649-49F6-BA99-4CBB0B530134}.Debug|Any CPU.ActiveCfg = Debug|Any CPU
		{D5220042-F649-49F6-BA99-4CBB0B530134}.Debug|Any CPU.Build.0 = Debug|Any CPU
		{D5220042-F649-49F6-BA99-4CBB0B530134}.Release|Any CPU.ActiveCfg = Release|Any CPU
		{D5220042-F649-49F6-BA99-4CBB0B530134}.Release|Any CPU.Build.0 = Release|Any CPU
		{B6870E91-79AA-4B4D-97B8-37E630C31697}.Debug|Any CPU.ActiveCfg = Debug|Any CPU
		{B6870E91-79AA-4B4D-97B8-37E630C31697}.Debug|Any CPU.Build.0 = Debug|Any CPU
		{B6870E91-79AA-4B4D-97B8-37E630C31697}.Release|Any CPU.ActiveCfg = Release|Any CPU
		{B6870E91-79AA-4B4D-97B8-37E630C31697}.Release|Any CPU.Build.0 = Release|Any CPU
		{FB8F6416-2B47-42EF-A9CC-972508B4DFEA}.Debug|Any CPU.ActiveCfg = Debug|Any CPU
		{FB8F6416-2B47-42EF-A9CC-972508B4DFEA}.Debug|Any CPU.Build.0 = Debug|Any CPU
		{FB8F6416-2B47-42EF-A9CC-972508B4DFEA}.Release|Any CPU.ActiveCfg = Release|Any CPU
		{FB8F6416-2B47-42EF-A9CC-972508B4DFEA}.Release|Any CPU.Build.0 = Release|Any CPU
		{7F9A74A4-5E15-4177-99CD-DF4E582E039C}.Debug|Any CPU.ActiveCfg = Debug|Any CPU
		{7F9A74A4-5E15-4177-99CD-DF4E582E039C}.Debug|Any CPU.Build.0 = Debug|Any CPU
		{7F9A74A4-5E15-4177-99CD-DF4E582E039C}.Release|Any CPU.ActiveCfg = Release|Any CPU
		{7F9A74A4-5E15-4177-99CD-DF4E582E039C}.Release|Any CPU.Build.0 = Release|Any CPU
		{1798B165-807F-40E5-99B1-C34E8807C318}.Debug|Any CPU.ActiveCfg = Debug|Any CPU
		{1798B165-807F-40E5-99B1-C34E8807C318}.Debug|Any CPU.Build.0 = Debug|Any CPU
		{1798B165-807F-40E5-99B1-C34E8807C318}.Release|Any CPU.ActiveCfg = Release|Any CPU
		{1798B165-807F-40E5-99B1-C34E8807C318}.Release|Any CPU.Build.0 = Release|Any CPU
		{38693F0B-ACCB-4F65-8B6F-3A87032AC5A6}.Debug|Any CPU.ActiveCfg = Debug|Any CPU
		{38693F0B-ACCB-4F65-8B6F-3A87032AC5A6}.Debug|Any CPU.Build.0 = Debug|Any CPU
		{38693F0B-ACCB-4F65-8B6F-3A87032AC5A6}.Release|Any CPU.ActiveCfg = Release|Any CPU
		{38693F0B-ACCB-4F65-8B6F-3A87032AC5A6}.Release|Any CPU.Build.0 = Release|Any CPU
		{DA35E0E6-8367-4429-96E0-5BDD0A7CD2C5}.Debug|Any CPU.ActiveCfg = Debug|Any CPU
		{DA35E0E6-8367-4429-96E0-5BDD0A7CD2C5}.Debug|Any CPU.Build.0 = Debug|Any CPU
		{DA35E0E6-8367-4429-96E0-5BDD0A7CD2C5}.Release|Any CPU.ActiveCfg = Release|Any CPU
		{DA35E0E6-8367-4429-96E0-5BDD0A7CD2C5}.Release|Any CPU.Build.0 = Release|Any CPU
		{FF4F0C09-4E20-48D3-9A7F-1C3F49D22058}.Debug|Any CPU.ActiveCfg = Debug|Any CPU
		{FF4F0C09-4E20-48D3-9A7F-1C3F49D22058}.Debug|Any CPU.Build.0 = Debug|Any CPU
		{FF4F0C09-4E20-48D3-9A7F-1C3F49D22058}.Release|Any CPU.ActiveCfg = Release|Any CPU
		{FF4F0C09-4E20-48D3-9A7F-1C3F49D22058}.Release|Any CPU.Build.0 = Release|Any CPU
		{227E5489-0A04-4F7B-87BD-DD1489FB1DA8}.Debug|Any CPU.ActiveCfg = Debug|Any CPU
		{227E5489-0A04-4F7B-87BD-DD1489FB1DA8}.Debug|Any CPU.Build.0 = Debug|Any CPU
		{227E5489-0A04-4F7B-87BD-DD1489FB1DA8}.Release|Any CPU.ActiveCfg = Release|Any CPU
		{227E5489-0A04-4F7B-87BD-DD1489FB1DA8}.Release|Any CPU.Build.0 = Release|Any CPU
		{0CCC0EE4-9682-4691-8E3A-183725FFD37A}.Debug|Any CPU.ActiveCfg = Debug|Any CPU
		{0CCC0EE4-9682-4691-8E3A-183725FFD37A}.Debug|Any CPU.Build.0 = Debug|Any CPU
		{0CCC0EE4-9682-4691-8E3A-183725FFD37A}.Release|Any CPU.ActiveCfg = Release|Any CPU
		{0CCC0EE4-9682-4691-8E3A-183725FFD37A}.Release|Any CPU.Build.0 = Release|Any CPU
		{DF399AAF-593F-4187-983D-718747EDAC23}.Debug|Any CPU.ActiveCfg = Debug|Any CPU
		{DF399AAF-593F-4187-983D-718747EDAC23}.Debug|Any CPU.Build.0 = Debug|Any CPU
		{DF399AAF-593F-4187-983D-718747EDAC23}.Release|Any CPU.ActiveCfg = Release|Any CPU
		{DF399AAF-593F-4187-983D-718747EDAC23}.Release|Any CPU.Build.0 = Release|Any CPU
		{0EDDF2F4-CE11-492C-B871-A9129FCE1133}.Debug|Any CPU.ActiveCfg = Debug|Any CPU
		{0EDDF2F4-CE11-492C-B871-A9129FCE1133}.Debug|Any CPU.Build.0 = Debug|Any CPU
		{0EDDF2F4-CE11-492C-B871-A9129FCE1133}.Release|Any CPU.ActiveCfg = Release|Any CPU
		{0EDDF2F4-CE11-492C-B871-A9129FCE1133}.Release|Any CPU.Build.0 = Release|Any CPU
		{72DD7C6B-4309-4B98-BC2A-98FBE1CF0AE9}.Debug|Any CPU.ActiveCfg = Debug|Any CPU
		{72DD7C6B-4309-4B98-BC2A-98FBE1CF0AE9}.Debug|Any CPU.Build.0 = Debug|Any CPU
		{72DD7C6B-4309-4B98-BC2A-98FBE1CF0AE9}.Release|Any CPU.ActiveCfg = Release|Any CPU
		{72DD7C6B-4309-4B98-BC2A-98FBE1CF0AE9}.Release|Any CPU.Build.0 = Release|Any CPU
		{2200B769-18E9-4C38-878A-E7F284B3CCFD}.Debug|Any CPU.ActiveCfg = Debug|Any CPU
		{2200B769-18E9-4C38-878A-E7F284B3CCFD}.Debug|Any CPU.Build.0 = Debug|Any CPU
		{2200B769-18E9-4C38-878A-E7F284B3CCFD}.Release|Any CPU.ActiveCfg = Release|Any CPU
		{2200B769-18E9-4C38-878A-E7F284B3CCFD}.Release|Any CPU.Build.0 = Release|Any CPU
		{487B0B71-40CF-400B-93B3-D825BD6D0308}.Debug|Any CPU.ActiveCfg = Debug|Any CPU
		{487B0B71-40CF-400B-93B3-D825BD6D0308}.Debug|Any CPU.Build.0 = Debug|Any CPU
		{487B0B71-40CF-400B-93B3-D825BD6D0308}.Release|Any CPU.ActiveCfg = Release|Any CPU
		{487B0B71-40CF-400B-93B3-D825BD6D0308}.Release|Any CPU.Build.0 = Release|Any CPU
		{7F9BA162-C343-4EDE-B8AA-74365EB6E8D8}.Debug|Any CPU.ActiveCfg = Debug|Any CPU
		{7F9BA162-C343-4EDE-B8AA-74365EB6E8D8}.Debug|Any CPU.Build.0 = Debug|Any CPU
		{7F9BA162-C343-4EDE-B8AA-74365EB6E8D8}.Release|Any CPU.ActiveCfg = Release|Any CPU
		{7F9BA162-C343-4EDE-B8AA-74365EB6E8D8}.Release|Any CPU.Build.0 = Release|Any CPU
		{DB3D6926-ACFC-4D66-84D3-14921E5E7F61}.Debug|Any CPU.ActiveCfg = Debug|Any CPU
		{DB3D6926-ACFC-4D66-84D3-14921E5E7F61}.Debug|Any CPU.Build.0 = Debug|Any CPU
		{DB3D6926-ACFC-4D66-84D3-14921E5E7F61}.Release|Any CPU.ActiveCfg = Release|Any CPU
		{DB3D6926-ACFC-4D66-84D3-14921E5E7F61}.Release|Any CPU.Build.0 = Release|Any CPU
		{BB81E3EB-49C7-4B44-8502-CA4E8A7C1B53}.Debug|Any CPU.ActiveCfg = Debug|Any CPU
		{BB81E3EB-49C7-4B44-8502-CA4E8A7C1B53}.Debug|Any CPU.Build.0 = Debug|Any CPU
		{BB81E3EB-49C7-4B44-8502-CA4E8A7C1B53}.Release|Any CPU.ActiveCfg = Release|Any CPU
		{BB81E3EB-49C7-4B44-8502-CA4E8A7C1B53}.Release|Any CPU.Build.0 = Release|Any CPU
		{50CD11A1-0894-4A5A-B9F4-E77AC0070515}.Debug|Any CPU.ActiveCfg = Debug|Any CPU
		{50CD11A1-0894-4A5A-B9F4-E77AC0070515}.Debug|Any CPU.Build.0 = Debug|Any CPU
		{50CD11A1-0894-4A5A-B9F4-E77AC0070515}.Release|Any CPU.ActiveCfg = Release|Any CPU
		{50CD11A1-0894-4A5A-B9F4-E77AC0070515}.Release|Any CPU.Build.0 = Release|Any CPU
		{DE088CF9-E444-4785-B0D8-F63A05EDF8CD}.Debug|Any CPU.ActiveCfg = Debug|Any CPU
		{DE088CF9-E444-4785-B0D8-F63A05EDF8CD}.Debug|Any CPU.Build.0 = Debug|Any CPU
		{DE088CF9-E444-4785-B0D8-F63A05EDF8CD}.Release|Any CPU.ActiveCfg = Release|Any CPU
		{DE088CF9-E444-4785-B0D8-F63A05EDF8CD}.Release|Any CPU.Build.0 = Release|Any CPU
	EndGlobalSection
	GlobalSection(NestedProjects) = preSolution
		{ABB94CFA-7E54-4B04-AD0F-BEDDAE06B141} = {7B3F6307-AC3C-4DEC-B340-B66B30E13089}
		{66D24664-DCCD-4919-81EA-871392728B16} = {7B3F6307-AC3C-4DEC-B340-B66B30E13089}
		{FBDAE625-3CD5-4F17-8C53-58B56D74D869} = {7B3F6307-AC3C-4DEC-B340-B66B30E13089}
		{2C12555E-BDD8-4F07-A374-4390408E96FF} = {44C3A928-5DA0-4451-973E-EAA8FA31BD55}
		{42E8D4B2-C9C9-4401-995B-B2056038E526} = {66D24664-DCCD-4919-81EA-871392728B16}
		{EB6BBD21-B371-4E8D-B1BD-4E92028F1617} = {42E8D4B2-C9C9-4401-995B-B2056038E526}
		{A50D041C-CB1D-41D2-A29A-6D482EE73CA8} = {44C3A928-5DA0-4451-973E-EAA8FA31BD55}
		{D8EE238D-5D5C-461E-8856-C45643DA0497} = {44C3A928-5DA0-4451-973E-EAA8FA31BD55}
		{DAAD9132-DB9F-407C-A313-54B90F77B344} = {44C3A928-5DA0-4451-973E-EAA8FA31BD55}
		{F8025667-835C-4211-9570-8A90CD07C109} = {42E8D4B2-C9C9-4401-995B-B2056038E526}
		{009C8E2B-0E1C-40C9-BDE5-4BF632C3B7B6} = {42E8D4B2-C9C9-4401-995B-B2056038E526}
		{95113444-D62F-4107-A2A2-7A19AFDF6C85} = {42E8D4B2-C9C9-4401-995B-B2056038E526}
		{34F71E0D-F055-411C-8DA9-0E2BDE780E75} = {42E8D4B2-C9C9-4401-995B-B2056038E526}
		{D54B0F60-00C5-4CA7-B41B-791BA2F4D4DC} = {FBDAE625-3CD5-4F17-8C53-58B56D74D869}
		{BCE3C6E1-30DE-4DF8-9E64-908AFDE62B56} = {D54B0F60-00C5-4CA7-B41B-791BA2F4D4DC}
		{06253ED2-BC7D-4197-A55C-8FB67EA3FAE0} = {66D24664-DCCD-4919-81EA-871392728B16}
		{992B43C2-603B-4AB5-8790-FF94EF972677} = {EF01B3E5-CE99-4C88-8AB4-18F32623E10D}
		{74F581C8-3826-4DEC-B373-1FBF02099DDC} = {66D24664-DCCD-4919-81EA-871392728B16}
		{F6371C77-1F7A-4698-982D-16576F077046} = {66D24664-DCCD-4919-81EA-871392728B16}
		{2414B2AA-9195-44CE-BD46-6F9E1A548681} = {BCE3C6E1-30DE-4DF8-9E64-908AFDE62B56}
		{7C55C74F-0593-4E1D-B392-E759BDB497D5} = {2C12555E-BDD8-4F07-A374-4390408E96FF}
		{CC71AA97-CC56-46EF-A6D6-16F464E93183} = {7C55C74F-0593-4E1D-B392-E759BDB497D5}
		{23735D96-22C2-4458-9EB5-2C1699D9239E} = {7C55C74F-0593-4E1D-B392-E759BDB497D5}
		{8B0975CC-C3EC-4FB7-8066-B7E9F9069F32} = {2C12555E-BDD8-4F07-A374-4390408E96FF}
		{5CFAA5E4-08F1-4DBE-9657-898E57AF42FC} = {FBDAE625-3CD5-4F17-8C53-58B56D74D869}
		{4E510F7D-4DFB-4720-B221-62AACB2506B6} = {2414B2AA-9195-44CE-BD46-6F9E1A548681}
		{D5220042-F649-49F6-BA99-4CBB0B530134} = {2414B2AA-9195-44CE-BD46-6F9E1A548681}
		{B6870E91-79AA-4B4D-97B8-37E630C31697} = {BCE3C6E1-30DE-4DF8-9E64-908AFDE62B56}
		{FB8F6416-2B47-42EF-A9CC-972508B4DFEA} = {D54B0F60-00C5-4CA7-B41B-791BA2F4D4DC}
		{7F9A74A4-5E15-4177-99CD-DF4E582E039C} = {D54B0F60-00C5-4CA7-B41B-791BA2F4D4DC}
		{1798B165-807F-40E5-99B1-C34E8807C318} = {D54B0F60-00C5-4CA7-B41B-791BA2F4D4DC}
		{38693F0B-ACCB-4F65-8B6F-3A87032AC5A6} = {5CFAA5E4-08F1-4DBE-9657-898E57AF42FC}
		{ADD97A25-432F-45B5-9317-D7F20595A83F} = {5CFAA5E4-08F1-4DBE-9657-898E57AF42FC}
		{DA35E0E6-8367-4429-96E0-5BDD0A7CD2C5} = {A68C25A0-61E2-4982-B0A8-9FA869F8F476}
		{FF4F0C09-4E20-48D3-9A7F-1C3F49D22058} = {A68C25A0-61E2-4982-B0A8-9FA869F8F476}
		{A68C25A0-61E2-4982-B0A8-9FA869F8F476} = {ADD97A25-432F-45B5-9317-D7F20595A83F}
		{227E5489-0A04-4F7B-87BD-DD1489FB1DA8} = {ADD97A25-432F-45B5-9317-D7F20595A83F}
		{0CCC0EE4-9682-4691-8E3A-183725FFD37A} = {5CFAA5E4-08F1-4DBE-9657-898E57AF42FC}
		{DF399AAF-593F-4187-983D-718747EDAC23} = {5CFAA5E4-08F1-4DBE-9657-898E57AF42FC}
		{0EDDF2F4-CE11-492C-B871-A9129FCE1133} = {ABB94CFA-7E54-4B04-AD0F-BEDDAE06B141}
		{44C3A928-5DA0-4451-973E-EAA8FA31BD55} = {FBDAE625-3CD5-4F17-8C53-58B56D74D869}
		{F9D041A7-9D62-4A65-BA2E-75BF2785CF4B} = {EB6BBD21-B371-4E8D-B1BD-4E92028F1617}
		{2200B769-18E9-4C38-878A-E7F284B3CCFD} = {EB6BBD21-B371-4E8D-B1BD-4E92028F1617}
		{487B0B71-40CF-400B-93B3-D825BD6D0308} = {F9D041A7-9D62-4A65-BA2E-75BF2785CF4B}
		{7F9BA162-C343-4EDE-B8AA-74365EB6E8D8} = {F9D041A7-9D62-4A65-BA2E-75BF2785CF4B}
		{DB3D6926-ACFC-4D66-84D3-14921E5E7F61} = {F9D041A7-9D62-4A65-BA2E-75BF2785CF4B}
		{449CE9D4-31ED-40F1-BA7D-F19ADB7692A5} = {7B3F6307-AC3C-4DEC-B340-B66B30E13089}
		{50CD11A1-0894-4A5A-B9F4-E77AC0070515} = {449CE9D4-31ED-40F1-BA7D-F19ADB7692A5}
		{467D1500-78BE-42EB-B46E-FF9C90669744} = {FBDAE625-3CD5-4F17-8C53-58B56D74D869}
		{DE088CF9-E444-4785-B0D8-F63A05EDF8CD} = {467D1500-78BE-42EB-B46E-FF9C90669744}
	EndGlobalSection
EndGlobal
